
Microsoft Visual Studio Solution File, Format Version 12.00
# Visual Studio Version 17
VisualStudioVersion = 17.14.36414.22 d17.14
MinimumVisualStudioVersion = 10.0.40219.1
Project("{FAE04EC0-301F-11D3-BF4B-00C04F79EFBC}") = "MonoGame.Samples.Core", "Core\MonoGame.Samples.Core.csproj", "{19A197A7-EA1A-42A2-A55E-86F29FDBDC12}"
EndProject
Global
	GlobalSection(SolutionConfigurationPlatforms) = preSolution
		Debug|Any CPU = Debug|Any CPU
		Release|Any CPU = Release|Any CPU
	EndGlobalSection
	GlobalSection(ProjectConfigurationPlatforms) = postSolution
		{19A197A7-EA1A-42A2-A55E-86F29FDBDC12}.Debug|Any CPU.ActiveCfg = Debug|Any CPU
		{19A197A7-EA1A-42A2-A55E-86F29FDBDC12}.Debug|Any CPU.Build.0 = Debug|Any CPU
		{19A197A7-EA1A-42A2-A55E-86F29FDBDC12}.Release|Any CPU.ActiveCfg = Release|Any CPU
		{19A197A7-EA1A-42A2-A55E-86F29FDBDC12}.Release|Any CPU.Build.0 = Release|Any CPU
	EndGlobalSection
	GlobalSection(SolutionProperties) = preSolution
		HideSolutionNode = FALSE
	EndGlobalSection
	GlobalSection(ExtensibilityGlobals) = postSolution
		SolutionGuid = {0F89C780-AB3F-48B1-A13C-54D660612926}
	EndGlobalSection
EndGlobal
